
Microsoft Visual Studio Solution File, Format Version 12.00
# Visual Studio 15
VisualStudioVersion = 15.0.28307.1525
MinimumVisualStudioVersion = 10.0.40219.1
Project("{FAE04EC0-301F-11D3-BF4B-00C04F79EFBC}") = "SWProject", "SWProject\SWProject.csproj", "{AD6FB572-1ACE-4941-83FE-317C6B3F1073}"
EndProject
Global
	GlobalSection(SolutionConfigurationPlatforms) = preSolution
		Debug|Any CPU = Debug|Any CPU
		Release|Any CPU = Release|Any CPU
	EndGlobalSection
	GlobalSection(ProjectConfigurationPlatforms) = postSolution
		{AD6FB572-1ACE-4941-83FE-317C6B3F1073}.Debug|Any CPU.ActiveCfg = Debug|Any CPU
		{AD6FB572-1ACE-4941-83FE-317C6B3F1073}.Debug|Any CPU.Build.0 = Debug|Any CPU
		{AD6FB572-1ACE-4941-83FE-317C6B3F1073}.Release|Any CPU.ActiveCfg = Release|Any CPU
		{AD6FB572-1ACE-4941-83FE-317C6B3F1073}.Release|Any CPU.Build.0 = Release|Any CPU
	EndGlobalSection
	GlobalSection(SolutionProperties) = preSolution
		HideSolutionNode = FALSE
	EndGlobalSection
	GlobalSection(ExtensibilityGlobals) = postSolution
		SolutionGuid = {C84AE5B8-629F-4BD3-AAB1-D4519D5B5644}
	EndGlobalSection
EndGlobal
